# this file was auto generated by https://github.com/likianta/likianta-domain : /src/dev_dist/poetry_export.py
# file was updated at 2026-04-08 16:56:43
# use `pip` command to install: 
#   pip install -U -r requirements.lock --no-deps

--index-url https://pypi.tuna.tsinghua.edu.cn/simple
--extra-index-url http://localhost:2191
--trusted-host localhost

argsense @ http://localhost:2191/argsense/argsense-1.1.1-py3-none-any.whl

lk-logger @ http://localhost:2191/lk-logger/lk_logger-6.0.7-py3-none-any.whl
markdown-it-py==3.0.0
mdurl==0.1.2
pygments==2.19.1
rich==14.3.3
